
Microsoft Visual Studio Solution File, Format Version 12.00
# Visual Studio Version 17
VisualStudioVersion = 17.6.33717.318
MinimumVisualStudioVersion = 10.0.40219.1
Project("{FAE04EC0-301F-11D3-BF4B-00C04F79EFBC}") = "lightBulb2", "lightBulb2\lightBulb2.csproj", "{30054F24-8C6F-4E0C-A85E-44E20A7396D4}"
EndProject
Global
	GlobalSection(SolutionConfigurationPlatforms) = preSolution
		Debug|Any CPU = Debug|Any CPU
		Release|Any CPU = Release|Any CPU
	EndGlobalSection
	GlobalSection(ProjectConfigurationPlatforms) = postSolution
		{30054F24-8C6F-4E0C-A85E-44E20A7396D4}.Debug|Any CPU.ActiveCfg = Debug|Any CPU
		{30054F24-8C6F-4E0C-A85E-44E20A7396D4}.Debug|Any CPU.Build.0 = Debug|Any CPU
		{30054F24-8C6F-4E0C-A85E-44E20A7396D4}.Release|Any CPU.ActiveCfg = Release|Any CPU
		{30054F24-8C6F-4E0C-A85E-44E20A7396D4}.Release|Any CPU.Build.0 = Release|Any CPU
	EndGlobalSection
	GlobalSection(SolutionProperties) = preSolution
		HideSolutionNode = FALSE
	EndGlobalSection
	GlobalSection(ExtensibilityGlobals) = postSolution
		SolutionGuid = {628B1957-4C23-4F1E-B00D-82D5132EA3F9}
	EndGlobalSection
EndGlobal
